PODS:
  - Charts (3.6.0):
    - Charts/Core (= 3.6.0)
  - Charts/Core (3.6.0)
  - MBProgressHUD (1.2.0)

DEPENDENCIES:
  - Charts
  - MBProgressHUD

SPEC REPOS:
  trunk:
    - Charts
    - MBProgressHUD

SPEC CHECKSUMS:
  Charts: b1e3a1f5a1c9ba5394438ca3b91bd8c9076310af
  MBProgressHUD: 3ee5efcc380f6a79a7cc9b363dd669c5e1ae7406

PODFILE CHECKSUM: c73ed33663541e64ad4fe237db6c0ad07642ddaf

COCOAPODS: 1.9.3
